version: 6
environments:
  default:
    channels:
    - url: https://conda.anaconda.org/conda-forge/
    indexes:
    - https://pypi.org/simple
    packages:
      linux-64:
      - conda: https://conda.anaconda.org/conda-forge/linux-64/_libgcc_mutex-0.1-conda_forge.tar.bz2
      - conda: https://conda.anaconda.org/conda-forge/linux-64/_openmp_mutex-4.5-2_gnu.tar.bz2
      - conda: https://conda.anaconda.org/conda-forge/linux-64/bashlex-0.18-py311h38be061_2.conda
      - conda: https://conda.anaconda.org/conda-forge/linux-64/boost-1.85.0-hbd00459_4.conda
      - conda: https://conda.anaconda.org/conda-forge/noarch/bracex-2.2.1-pyhd8ed1ab_0.tar.bz2
      - conda: https://conda.anaconda.org/conda-forge/linux-64/brotli-python-1.1.0-py311hfdbb021_2.conda
      - conda: https://conda.anaconda.org/conda-forge/linux-64/bzip2-1.0.8-h4bc722e_7.conda
      - conda: https://conda.anaconda.org/conda-forge/linux-64/ca-certificates-2024.12.14-hbcca054_0.conda
      - conda: https://conda.anaconda.org/conda-forge/noarch/certifi-2024.12.14-pyhd8ed1ab_0.conda
      - conda: https://conda.anaconda.org/conda-forge/linux-64/cffi-1.17.1-py311hf29c0ef_0.conda
      - conda: https://conda.anaconda.org/conda-forge/noarch/charset-normalizer-3.4.1-pyhd8ed1ab_0.conda
      - conda: https://conda.anaconda.org/conda-forge/noarch/cibuildwheel-2.21.3-pyhd8ed1ab_0.conda
      - conda: https://conda.anaconda.org/conda-forge/noarch/click-8.1.8-pyh707e725_0.conda
      - conda: https://conda.anaconda.org/conda-forge/linux-64/cryptography-44.0.0-py311hafd3f86_0.conda
      - conda: https://conda.anaconda.org/conda-forge/noarch/deprecated-1.2.15-pyhd8ed1ab_1.conda
      - conda: https://conda.anaconda.org/conda-forge/linux-64/eigen-3.4.0-h00ab1b0_0.conda
      - conda: https://conda.anaconda.org/conda-forge/noarch/filelock-3.16.1-pyhd8ed1ab_1.conda
      - conda: https://conda.anaconda.org/conda-forge/noarch/h2-4.1.0-pyhd8ed1ab_1.conda
      - conda: https://conda.anaconda.org/conda-forge/noarch/hpack-4.0.0-pyhd8ed1ab_1.conda
      - conda: https://conda.anaconda.org/conda-forge/noarch/hyperframe-6.0.1-pyhd8ed1ab_1.conda
      - conda: https://conda.anaconda.org/conda-forge/linux-64/icu-75.1-he02047a_0.conda
      - conda: https://conda.anaconda.org/conda-forge/noarch/idna-3.10-pyhd8ed1ab_1.conda
      - conda: https://conda.anaconda.org/conda-forge/linux-64/ld_impl_linux-64-2.43-h712a8e2_2.conda
      - conda: https://conda.anaconda.org/conda-forge/linux-64/libblas-3.9.0-26_linux64_openblas.conda
      - conda: https://conda.anaconda.org/conda-forge/linux-64/libboost-1.85.0-h0ccab89_4.conda
      - conda: https://conda.anaconda.org/conda-forge/linux-64/libboost-devel-1.85.0-h00ab1b0_4.conda
      - conda: https://conda.anaconda.org/conda-forge/linux-64/libboost-headers-1.85.0-ha770c72_4.conda
      - conda: https://conda.anaconda.org/conda-forge/linux-64/libboost-python-1.85.0-py311h06317a3_4.conda
      - conda: https://conda.anaconda.org/conda-forge/linux-64/libboost-python-devel-1.85.0-py311hbd00459_4.conda
      - conda: https://conda.anaconda.org/conda-forge/linux-64/libcblas-3.9.0-26_linux64_openblas.conda
      - conda: https://conda.anaconda.org/conda-forge/linux-64/libffi-3.4.2-h7f98852_5.tar.bz2
      - conda: https://conda.anaconda.org/conda-forge/linux-64/libgcc-14.2.0-h77fa898_1.conda
      - conda: https://conda.anaconda.org/conda-forge/linux-64/libgcc-ng-14.2.0-h69a702a_1.conda
      - conda: https://conda.anaconda.org/conda-forge/linux-64/libgfortran-14.2.0-h69a702a_1.conda
      - conda: https://conda.anaconda.org/conda-forge/linux-64/libgfortran5-14.2.0-hd5240d6_1.conda
      - conda: https://conda.anaconda.org/conda-forge/linux-64/libgomp-14.2.0-h77fa898_1.conda
      - conda: https://conda.anaconda.org/conda-forge/linux-64/liblapack-3.9.0-26_linux64_openblas.conda
      - conda: https://conda.anaconda.org/conda-forge/linux-64/liblzma-5.6.3-hb9d3cd8_1.conda
      - conda: https://conda.anaconda.org/conda-forge/linux-64/liblzma-devel-5.6.3-hb9d3cd8_1.conda
      - conda: https://conda.anaconda.org/conda-forge/linux-64/libnsl-2.0.1-hd590300_0.conda
      - conda: https://conda.anaconda.org/conda-forge/linux-64/libopenblas-0.3.28-pthreads_h94d23a6_1.conda
      - conda: https://conda.anaconda.org/conda-forge/linux-64/libsodium-1.0.20-h4ab18f5_0.conda
      - conda: https://conda.anaconda.org/conda-forge/linux-64/libsqlite-3.47.2-hee588c1_0.conda
      - conda: https://conda.anaconda.org/conda-forge/linux-64/libstdcxx-14.2.0-hc0a3c3a_1.conda
      - conda: https://conda.anaconda.org/conda-forge/linux-64/libstdcxx-ng-14.2.0-h4852527_1.conda
      - conda: https://conda.anaconda.org/conda-forge/linux-64/libuuid-2.38.1-h0b41bf4_0.conda
      - conda: https://conda.anaconda.org/conda-forge/linux-64/libzlib-1.3.1-hb9d3cd8_2.conda
      - conda: https://conda.anaconda.org/conda-forge/noarch/markdown-it-py-3.0.0-pyhd8ed1ab_1.conda
      - conda: https://conda.anaconda.org/conda-forge/noarch/mdurl-0.1.2-pyhd8ed1ab_1.conda
      - conda: https://conda.anaconda.org/conda-forge/linux-64/ncurses-6.5-he02047a_1.conda
      - conda: https://conda.anaconda.org/conda-forge/linux-64/numpy-2.2.1-py311hf916aec_0.conda
      - conda: https://conda.anaconda.org/conda-forge/linux-64/openssl-3.4.0-hb9d3cd8_0.conda
      - conda: https://conda.anaconda.org/conda-forge/noarch/packaging-24.2-pyhd8ed1ab_2.conda
      - conda: https://conda.anaconda.org/conda-forge/noarch/platformdirs-4.3.6-pyhd8ed1ab_1.conda
      - conda: https://conda.anaconda.org/conda-forge/noarch/pycparser-2.22-pyh29332c3_1.conda
      - conda: https://conda.anaconda.org/conda-forge/noarch/pygithub-2.5.0-pyhd8ed1ab_0.conda
      - conda: https://conda.anaconda.org/conda-forge/noarch/pygments-2.18.0-pyhd8ed1ab_1.conda
      - conda: https://conda.anaconda.org/conda-forge/noarch/pyjwt-2.10.1-pyhd8ed1ab_0.conda
      - conda: https://conda.anaconda.org/conda-forge/linux-64/pynacl-1.5.0-py311h9ecbd09_4.conda
      - conda: https://conda.anaconda.org/conda-forge/noarch/pysocks-1.7.1-pyha55dd90_7.conda
      - conda: https://conda.anaconda.org/conda-forge/linux-64/python-3.11.0-he550d4f_1_cpython.conda
      - conda: https://conda.anaconda.org/conda-forge/noarch/python-dateutil-2.9.0.post0-pyhff2d567_1.conda
      - conda: https://conda.anaconda.org/conda-forge/linux-64/python_abi-3.11-5_cp311.conda
      - conda: https://conda.anaconda.org/conda-forge/linux-64/pyyaml-6.0.2-py311h9ecbd09_1.conda
      - conda: https://conda.anaconda.org/conda-forge/linux-64/readline-8.2-h8228510_1.conda
      - conda: https://conda.anaconda.org/conda-forge/noarch/requests-2.32.3-pyhd8ed1ab_1.conda
      - conda: https://conda.anaconda.org/conda-forge/noarch/rich-13.9.4-pyhd8ed1ab_1.conda
      - conda: https://conda.anaconda.org/conda-forge/noarch/six-1.17.0-pyhd8ed1ab_0.conda
      - conda: https://conda.anaconda.org/conda-forge/linux-64/tk-8.6.13-noxft_h4845f30_101.conda
      - conda: https://conda.anaconda.org/conda-forge/noarch/typing-extensions-4.12.2-hd8ed1ab_1.conda
      - conda: https://conda.anaconda.org/conda-forge/noarch/typing_extensions-4.12.2-pyha770c72_1.conda
      - conda: https://conda.anaconda.org/conda-forge/noarch/tzdata-2024b-hc8b5060_0.conda
      - conda: https://conda.anaconda.org/conda-forge/noarch/urllib3-2.3.0-pyhd8ed1ab_0.conda
      - conda: https://conda.anaconda.org/conda-forge/linux-64/wrapt-1.17.0-py311h9ecbd09_0.conda
      - conda: https://conda.anaconda.org/conda-forge/linux-64/xz-5.6.3-hbcc6ac9_1.conda
      - conda: https://conda.anaconda.org/conda-forge/linux-64/xz-gpl-tools-5.6.3-hbcc6ac9_1.conda
      - conda: https://conda.anaconda.org/conda-forge/linux-64/xz-tools-5.6.3-hb9d3cd8_1.conda
      - conda: https://conda.anaconda.org/conda-forge/linux-64/yaml-0.2.5-h7f98852_2.tar.bz2
      - conda: https://conda.anaconda.org/conda-forge/linux-64/zstandard-0.23.0-py311hbc35293_1.conda
      - conda: https://conda.anaconda.org/conda-forge/linux-64/zstd-1.5.6-ha6fb4c9_0.conda
      - pypi: https://files.pythonhosted.org/packages/84/c2/80633736cd183ee4a62107413def345f7e6e3c01563dbca1417363cf957e/build-1.2.2.post1-py3-none-any.whl
      - pypi: https://files.pythonhosted.org/packages/6b/35/a8e38d54768e67324e365e2a41162be298f51ec93e6bd4b18d237d7250d8/ninja-1.11.1.3-py3-none-manylinux_2_12_x86_64.manylinux2010_x86_64.whl
      - pypi: https://files.pythonhosted.org/packages/99/cd/8ca681a8a044430b5ad3bc559704bea8d88efa706791c8de6fa3ae9be6af/pygccxml-2.6.1-py3-none-any.whl
      - pypi: https://files.pythonhosted.org/packages/b2/4f/6620d7a604c24ba6427e8871e641679f752e67e09781ca9e971f5f0349da/pyplusplus-1.8.5.tar.gz
      - pypi: https://files.pythonhosted.org/packages/bd/24/12818598c362d7f300f18e74db45963dbcb85150324092410c8b49405e42/pyproject_hooks-1.2.0-py3-none-any.whl
packages:
- conda: https://conda.anaconda.org/conda-forge/linux-64/_libgcc_mutex-0.1-conda_forge.tar.bz2
  sha256: fe51de6107f9edc7aa4f786a70f4a883943bc9d39b3bb7307c04c41410990726
  md5: d7c89558ba9fa0495403155b64376d81
  license: None
  purls: []
  size: 2562
  timestamp: 1578324546067
- conda: https://conda.anaconda.org/conda-forge/linux-64/_openmp_mutex-4.5-2_gnu.tar.bz2
  build_number: 16
  sha256: fbe2c5e56a653bebb982eda4876a9178aedfc2b545f25d0ce9c4c0b508253d22
  md5: 73aaf86a425cc6e73fcf236a5a46396d
  depends:
  - _libgcc_mutex 0.1 conda_forge
  - libgomp >=7.5.0
  constrains:
  - openmp_impl 9999
  license: BSD-3-Clause
  license_family: BSD
  purls: []
  size: 23621
  timestamp: 1650670423406
- conda: https://conda.anaconda.org/conda-forge/linux-64/bashlex-0.18-py311h38be061_2.conda
  sha256: 8506869ffbea6d330204fdf37e6ba010bf59fe29079f04915453159db558b561
  md5: c503e69a0fbf92155147da1f3e9bd9c2
  depends:
  - python >=3.11,<3.12.0a0
  - python_abi 3.11.* *_cp311
  license: GPL-3.0-only
  license_family: GPL
  purls:
  - pkg:pypi/bashlex?source=hash-mapping
  size: 161942
  timestamp: 1725526548332
- conda: https://conda.anaconda.org/conda-forge/linux-64/boost-1.85.0-hbd00459_4.conda
  sha256: f970a0791ac676e36952315ffe097147bbda5cace67d22b8a4959d474e15c219
  md5: 7878aebc40c3c7f168ecd8ad10e11cdf
  depends:
  - libboost-python-devel 1.85.0 py311hbd00459_4
  - numpy >=1.19,<3
  - python_abi 3.11.* *_cp311
  license: BSL-1.0
  purls: []
  size: 18243
  timestamp: 1722290444068
- conda: https://conda.anaconda.org/conda-forge/noarch/bracex-2.2.1-pyhd8ed1ab_0.tar.bz2
  sha256: e3f867b5be7837366e989df8f6e64f94ec180676fea3494285ee873f24921156
  md5: 586272349d7bef5b1ef527b56dca73cb
  depends:
  - python >=3.5
  license: MIT
  license_family: MIT
  purls:
  - pkg:pypi/bracex?source=hash-mapping
  size: 14045
  timestamp: 1636190617443
- conda: https://conda.anaconda.org/conda-forge/linux-64/brotli-python-1.1.0-py311hfdbb021_2.conda
  sha256: 949913bbd1f74d1af202d3e4bff2e0a4e792ec00271dc4dd08641d4221aa2e12
  md5: d21daab070d76490cb39a8f1d1729d79
  depends:
  - __glibc >=2.17,<3.0.a0
  - libgcc >=13
  - libstdcxx >=13
  - python >=3.11,<3.12.0a0
  - python_abi 3.11.* *_cp311
  constrains:
  - libbrotlicommon 1.1.0 hb9d3cd8_2
  license: MIT
  license_family: MIT
  purls:
  - pkg:pypi/brotli?source=hash-mapping
  size: 350367
  timestamp: 1725267768486
- pypi: https://files.pythonhosted.org/packages/84/c2/80633736cd183ee4a62107413def345f7e6e3c01563dbca1417363cf957e/build-1.2.2.post1-py3-none-any.whl
  name: build
  version: 1.2.2.post1
  sha256: 1d61c0887fa860c01971625baae8bdd338e517b836a2f70dd1f7aa3a6b2fc5b5
  requires_dist:
  - packaging>=19.1
  - pyproject-hooks
  - colorama ; os_name == 'nt'
  - importlib-metadata>=4.6 ; python_full_version < '3.10.2'
  - tomli>=1.1.0 ; python_full_version < '3.11'
  - furo>=2023.8.17 ; extra == 'docs'
  - sphinx~=7.0 ; extra == 'docs'
  - sphinx-argparse-cli>=1.5 ; extra == 'docs'
  - sphinx-autodoc-typehints>=1.10 ; extra == 'docs'
  - sphinx-issues>=3.0.0 ; extra == 'docs'
  - build[uv,virtualenv] ; extra == 'test'
  - filelock>=3 ; extra == 'test'
  - pytest>=6.2.4 ; extra == 'test'
  - pytest-cov>=2.12 ; extra == 'test'
  - pytest-mock>=2 ; extra == 'test'
  - pytest-rerunfailures>=9.1 ; extra == 'test'
  - pytest-xdist>=1.34 ; extra == 'test'
  - wheel>=0.36.0 ; extra == 'test'
  - setuptools>=42.0.0 ; python_full_version < '3.10' and extra == 'test'
  - setuptools>=56.0.0 ; python_full_version == '3.10.*' and extra == 'test'
  - setuptools>=56.0.0 ; python_full_version == '3.11.*' and extra == 'test'
  - setuptools>=67.8.0 ; python_full_version >= '3.12' and extra == 'test'
  - build[uv] ; extra == 'typing'
  - importlib-metadata>=5.1 ; extra == 'typing'
  - mypy~=1.9.0 ; extra == 'typing'
  - tomli ; extra == 'typing'
  - typing-extensions>=3.7.4.3 ; extra == 'typing'
  - uv>=0.1.18 ; extra == 'uv'
  - virtualenv>=20.0.35 ; extra == 'virtualenv'
  requires_python: '>=3.8'
- conda: https://conda.anaconda.org/conda-forge/linux-64/bzip2-1.0.8-h4bc722e_7.conda
  sha256: 5ced96500d945fb286c9c838e54fa759aa04a7129c59800f0846b4335cee770d
  md5: 62ee74e96c5ebb0af99386de58cf9553
  depends:
  - __glibc >=2.17,<3.0.a0
  - libgcc-ng >=12
  license: bzip2-1.0.6
  license_family: BSD
  purls: []
  size: 252783
  timestamp: 1720974456583
- conda: https://conda.anaconda.org/conda-forge/linux-64/ca-certificates-2024.12.14-hbcca054_0.conda
  sha256: 1afd7274cbc9a334d6d0bc62fa760acc7afdaceb0b91a8df370ec01fd75dc7dd
  md5: 720523eb0d6a9b0f6120c16b2aa4e7de
  license: ISC
  purls: []
  size: 157088
  timestamp: 1734208393264
- conda: https://conda.anaconda.org/conda-forge/noarch/certifi-2024.12.14-pyhd8ed1ab_0.conda
  sha256: 048c16a9cbcb1fbad02083414d3bc7c1d0eea4b39aee6aa6bf8d1d5089ca8bad
  md5: 6feb87357ecd66733be3279f16a8c400
  depends:
  - python >=3.9
  license: ISC
  purls:
  - pkg:pypi/certifi?source=hash-mapping
  size: 161642
  timestamp: 1734380604767
- conda: https://conda.anaconda.org/conda-forge/linux-64/cffi-1.17.1-py311hf29c0ef_0.conda
  sha256: bc47aa39c8254e9e487b8bcd74cfa3b4a3de3648869eb1a0b89905986b668e35
  md5: 55553ecd5328336368db611f350b7039
  depends:
  - __glibc >=2.17,<3.0.a0
  - libffi >=3.4,<4.0a0
  - libgcc >=13
  - pycparser
  - python >=3.11,<3.12.0a0
  - python_abi 3.11.* *_cp311
  license: MIT
  license_family: MIT
  purls:
  - pkg:pypi/cffi?source=hash-mapping
  size: 302115
  timestamp: 1725560701719
- conda: https://conda.anaconda.org/conda-forge/noarch/charset-normalizer-3.4.1-pyhd8ed1ab_0.conda
  sha256: 4e0ee91b97e5de3e74567bdacea27f0139709fceca4db8adffbe24deffccb09b
  md5: e83a31202d1c0a000fce3e9cf3825875
  depends:
  - python >=3.9
  license: MIT
  purls:
  - pkg:pypi/charset-normalizer?source=hash-mapping
  size: 47438
  timestamp: 1735929811779
- conda: https://conda.anaconda.org/conda-forge/noarch/cibuildwheel-2.21.3-pyhd8ed1ab_0.conda
  sha256: d29fbf7860f8e49b1491b0a6db22ab27643a9622b37d519bc5416e94e3d76daa
  md5: 540e8b1b512f115390df8775abc595f9
  depends:
  - bashlex
  - bracex
  - click
  - filelock
  - packaging >=21.0
  - platformdirs
  - pygithub
  - python >=3.7
  - pyyaml
  - requests
  - rich >=9.6
  license: BSD-2-Clause
  license_family: BSD
  purls:
  - pkg:pypi/cibuildwheel?source=hash-mapping
  size: 91166
  timestamp: 1728504274383
- conda: https://conda.anaconda.org/conda-forge/noarch/click-8.1.8-pyh707e725_0.conda
  sha256: c920d23cd1fcf565031c679adb62d848af60d6fbb0edc2d50ba475cea4f0d8ab
  md5: f22f4d4970e09d68a10b922cbb0408d3
  depends:
  - __unix
  - python >=3.9
  license: BSD-3-Clause
  license_family: BSD
  purls:
  - pkg:pypi/click?source=hash-mapping
  size: 84705
  timestamp: 1734858922844
- conda: https://conda.anaconda.org/conda-forge/linux-64/cryptography-44.0.0-py311hafd3f86_0.conda
  sha256: 6f0e961f6b54021c8b34cdd9014fcdb437aaf8752b14835ae9e7fdf50b594767
  md5: ad3ad28ff320b79d182f3cab3e1d9bd2
  depends:
  - __glibc >=2.17,<3.0.a0
  - cffi >=1.12
  - libgcc >=13
  - openssl >=3.4.0,<4.0a0
  - python >=3.11,<3.12.0a0
  - python_abi 3.11.* *_cp311
  constrains:
  - __glibc >=2.17
  license: Apache-2.0 AND BSD-3-Clause AND PSF-2.0 AND MIT
  license_family: BSD
  purls:
  - pkg:pypi/cryptography?source=hash-mapping
  size: 1577410
  timestamp: 1732746127051
- conda: https://conda.anaconda.org/conda-forge/noarch/deprecated-1.2.15-pyhd8ed1ab_1.conda
  sha256: a20ebf2c9b02a6eb32412ceb5c4cffaae49417db7e75414a76417538293a9402
  md5: eaef2e94d5bd76f758545d172c1fda67
  depends:
  - python >=3.9
  - wrapt <2,>=1.10
  license: MIT
  license_family: MIT
  purls:
  - pkg:pypi/deprecated?source=hash-mapping
  size: 14297
  timestamp: 1733662697343
- conda: https://conda.anaconda.org/conda-forge/linux-64/eigen-3.4.0-h00ab1b0_0.conda
  sha256: 53b15a98aadbe0704479bacaf7a5618fcb32d1577be320630674574241639b34
  md5: b1b879d6d093f55dd40d58b5eb2f0699
  depends:
  - libgcc-ng >=12
  - libstdcxx-ng >=12
  license: MPL-2.0
  license_family: MOZILLA
  purls: []
  size: 1088433
  timestamp: 1690272126173
- conda: https://conda.anaconda.org/conda-forge/noarch/filelock-3.16.1-pyhd8ed1ab_1.conda
  sha256: 18dca6e2194732df7ebf824abaefe999e4765ebe8e8a061269406ab88fc418b9
  md5: d692e9ba6f92dc51484bf3477e36ce7c
  depends:
  - python >=3.9
  license: Unlicense
  purls:
  - pkg:pypi/filelock?source=hash-mapping
  size: 17441
  timestamp: 1733240909987
- conda: https://conda.anaconda.org/conda-forge/noarch/h2-4.1.0-pyhd8ed1ab_1.conda
  sha256: 843ddad410c370672a8250470697027618f104153612439076d4d7b91eeb7b5c
  md5: 825927dc7b0f287ef8d4d0011bb113b1
  depends:
  - hpack >=4.0,<5
  - hyperframe >=6.0,<7
  - python >=3.9
  license: MIT
  license_family: MIT
  purls:
  - pkg:pypi/h2?source=hash-mapping
  size: 52000
  timestamp: 1733298867359
- conda: https://conda.anaconda.org/conda-forge/noarch/hpack-4.0.0-pyhd8ed1ab_1.conda
  sha256: ec89b7e5b8aa2f0219f666084446e1fb7b54545861e9caa892acb24d125761b5
  md5: 2aa5ff7fa34a81b9196532c84c10d865
  depends:
  - python >=3.9
  license: MIT
  license_family: MIT
  purls:
  - pkg:pypi/hpack?source=hash-mapping
  size: 29412
  timestamp: 1733299296857
- conda: https://conda.anaconda.org/conda-forge/noarch/hyperframe-6.0.1-pyhd8ed1ab_1.conda
  sha256: e91c6ef09d076e1d9a02819cd00fa7ee18ecf30cdd667605c853980216584d1b
  md5: 566e75c90c1d0c8c459eb0ad9833dc7a
  depends:
  - python >=3.9
  license: MIT
  license_family: MIT
  purls:
  - pkg:pypi/hyperframe?source=hash-mapping
  size: 17239
  timestamp: 1733298862681
- conda: https://conda.anaconda.org/conda-forge/linux-64/icu-75.1-he02047a_0.conda
  sha256: 71e750d509f5fa3421087ba88ef9a7b9be11c53174af3aa4d06aff4c18b38e8e
  md5: 8b189310083baabfb622af68fd9d3ae3
  depends:
  - __glibc >=2.17,<3.0.a0
  - libgcc-ng >=12
  - libstdcxx-ng >=12
  license: MIT
  license_family: MIT
  purls: []
  size: 12129203
  timestamp: 1720853576813
- conda: https://conda.anaconda.org/conda-forge/noarch/idna-3.10-pyhd8ed1ab_1.conda
  sha256: d7a472c9fd479e2e8dcb83fb8d433fce971ea369d704ece380e876f9c3494e87
  md5: 39a4f67be3286c86d696df570b1201b7
  depends:
  - python >=3.9
  license: BSD-3-Clause
  license_family: BSD
  purls:
  - pkg:pypi/idna?source=hash-mapping
  size: 49765
  timestamp: 1733211921194
- conda: https://conda.anaconda.org/conda-forge/linux-64/ld_impl_linux-64-2.43-h712a8e2_2.conda
  sha256: 7c91cea91b13f4314d125d1bedb9d03a29ebbd5080ccdea70260363424646dbe
  md5: 048b02e3962f066da18efe3a21b77672
  depends:
  - __glibc >=2.17,<3.0.a0
  constrains:
  - binutils_impl_linux-64 2.43
  license: GPL-3.0-only
  license_family: GPL
  purls: []
  size: 669211
  timestamp: 1729655358674
- conda: https://conda.anaconda.org/conda-forge/linux-64/libblas-3.9.0-26_linux64_openblas.conda
  build_number: 26
  sha256: 30bd658682b124243f8e52d8edf8a19e7be1bc31e4fe4baec30a64002dc8cd0c
  md5: ac52800af2e0c0e7dac770b435ce768a
  depends:
  - libopenblas >=0.3.28,<0.3.29.0a0
  - libopenblas >=0.3.28,<1.0a0
  constrains:
  - libcblas 3.9.0 26_linux64_openblas
  - liblapack 3.9.0 26_linux64_openblas
  - liblapacke 3.9.0 26_linux64_openblas
  - blas * openblas
  license: BSD-3-Clause
  license_family: BSD
  purls: []
  size: 16393
  timestamp: 1734432564346
- conda: https://conda.anaconda.org/conda-forge/linux-64/libboost-1.85.0-h0ccab89_4.conda
  sha256: dc19dfc636c363871763384219269ce6a027fcf3831f17e018caeecb2ffbb20a
  md5: 4da1690badd566fc1041f91cd5655727
  depends:
  - __glibc >=2.17,<3.0.a0
  - bzip2 >=1.0.8,<2.0a0
  - icu >=75.1,<76.0a0
  - libgcc-ng >=12
  - libstdcxx-ng >=12
  - libzlib >=1.3.1,<2.0a0
  - xz >=5.2.6,<6.0a0
  - zstd >=1.5.6,<1.6.0a0
  constrains:
  - boost-cpp =1.85.0
  license: BSL-1.0
  purls: []
  size: 2869710
  timestamp: 1722289756758
- conda: https://conda.anaconda.org/conda-forge/linux-64/libboost-devel-1.85.0-h00ab1b0_4.conda
  sha256: 04ec5a59e87d75cf6f8b539493f7f71c0cca3f50976251895f51da45e39cddf7
  md5: ded76b8670cb505006c891c4d45844a5
  depends:
  - libboost 1.85.0 h0ccab89_4
  - libboost-headers 1.85.0 ha770c72_4
  constrains:
  - boost-cpp =1.85.0
  license: BSL-1.0
  purls: []
  size: 40881
  timestamp: 1722289871820
- conda: https://conda.anaconda.org/conda-forge/linux-64/libboost-headers-1.85.0-ha770c72_4.conda
  sha256: 55aa2ac604bd7ed76fae0c93698d37aae455ca2fb229ff9aa45e085ff7ad48ec
  md5: 00e4848983222729ccb7c69f1039f4b9
  constrains:
  - boost-cpp =1.85.0
  license: BSL-1.0
  purls: []
  size: 13961521
  timestamp: 1722289776587
- conda: https://conda.anaconda.org/conda-forge/linux-64/libboost-python-1.85.0-py311h06317a3_4.conda
  sha256: c796395c5b2f8e5d0f652a5a3c7c560cbf6491eb379cb5232218b8e2627575eb
  md5: e980c8fd465b727061786400f4d5c7f7
  depends:
  - __glibc >=2.17,<3.0.a0
  - libgcc-ng >=12
  - libstdcxx-ng >=12
  - numpy >=1.19,<3
  - python >=3.11,<3.12.0a0
  - python_abi 3.11.* *_cp311
  constrains:
  - py-boost <0.0a0
  - boost =1.85.0
  license: BSL-1.0
  purls: []
  size: 123662
  timestamp: 1722290220424
- conda: https://conda.anaconda.org/conda-forge/linux-64/libboost-python-devel-1.85.0-py311hbd00459_4.conda
  sha256: b63c4873553434d4b190c4af6db850713b2d40311a1c6ccee7ff5168b6298f7b
  md5: ee6b0b8bd7ebe29009b1a0c5403c2885
  depends:
  - libboost-devel 1.85.0 h00ab1b0_4
  - libboost-python 1.85.0 py311h06317a3_4
  - numpy >=1.19,<3
  - python >=3.11,<3.12.0a0
  - python_abi 3.11.* *_cp311
  constrains:
  - py-boost <0.0a0
  - boost =1.85.0
  license: BSL-1.0
  purls: []
  size: 21608
  timestamp: 1722290365383
- conda: https://conda.anaconda.org/conda-forge/linux-64/libcblas-3.9.0-26_linux64_openblas.conda
  build_number: 26
  sha256: 9c74e536c9bc868e356ffd43f81c2cb398aec84b40fcadc312315b164a5500ee
  md5: ebcc5f37a435aa3c19640533c82f8d76
  depends:
  - libblas 3.9.0 26_linux64_openblas
  constrains:
  - liblapack 3.9.0 26_linux64_openblas
  - liblapacke 3.9.0 26_linux64_openblas
  - blas * openblas
  license: BSD-3-Clause
  license_family: BSD
  purls: []
  size: 16336
  timestamp: 1734432570482
- conda: https://conda.anaconda.org/conda-forge/linux-64/libffi-3.4.2-h7f98852_5.tar.bz2
  sha256: ab6e9856c21709b7b517e940ae7028ae0737546122f83c2aa5d692860c3b149e
  md5: d645c6d2ac96843a2bfaccd2d62b3ac3
  depends:
  - libgcc-ng >=9.4.0
  license: MIT
  license_family: MIT
  purls: []
  size: 58292
  timestamp: 1636488182923
- conda: https://conda.anaconda.org/conda-forge/linux-64/libgcc-14.2.0-h77fa898_1.conda
  sha256: 53eb8a79365e58849e7b1a068d31f4f9e718dc938d6f2c03e960345739a03569
  md5: 3cb76c3f10d3bc7f1105b2fc9db984df
  depends:
  - _libgcc_mutex 0.1 conda_forge
  - _openmp_mutex >=4.5
  constrains:
  - libgomp 14.2.0 h77fa898_1
  - libgcc-ng ==14.2.0=*_1
  license: GPL-3.0-only WITH GCC-exception-3.1
  license_family: GPL
  purls: []
  size: 848745
  timestamp: 1729027721139
- conda: https://conda.anaconda.org/conda-forge/linux-64/libgcc-ng-14.2.0-h69a702a_1.conda
  sha256: 3a76969c80e9af8b6e7a55090088bc41da4cffcde9e2c71b17f44d37b7cb87f7
  md5: e39480b9ca41323497b05492a63bc35b
  depends:
  - libgcc 14.2.0 h77fa898_1
  license: GPL-3.0-only WITH GCC-exception-3.1
  license_family: GPL
  purls: []
  size: 54142
  timestamp: 1729027726517
- conda: https://conda.anaconda.org/conda-forge/linux-64/libgfortran-14.2.0-h69a702a_1.conda
  sha256: fc9e7f22a17faf74da904ebfc4d88699013d2992e55505e4aa0eb01770290977
  md5: f1fd30127802683586f768875127a987
  depends:
  - libgfortran5 14.2.0 hd5240d6_1
  constrains:
  - libgfortran-ng ==14.2.0=*_1
  license: GPL-3.0-only WITH GCC-exception-3.1
  license_family: GPL
  purls: []
  size: 53997
  timestamp: 1729027752995
- conda: https://conda.anaconda.org/conda-forge/linux-64/libgfortran5-14.2.0-hd5240d6_1.conda
  sha256: d149a37ca73611e425041f33b9d8dbed6e52ec506fe8cc1fc0ee054bddeb6d5d
  md5: 9822b874ea29af082e5d36098d25427d
  depends:
  - libgcc >=14.2.0
  constrains:
  - libgfortran 14.2.0
  license: GPL-3.0-only WITH GCC-exception-3.1
  license_family: GPL
  purls: []
  size: 1462645
  timestamp: 1729027735353
- conda: https://conda.anaconda.org/conda-forge/linux-64/libgomp-14.2.0-h77fa898_1.conda
  sha256: 1911c29975ec99b6b906904040c855772ccb265a1c79d5d75c8ceec4ed89cd63
  md5: cc3573974587f12dda90d96e3e55a702
  depends:
  - _libgcc_mutex 0.1 conda_forge
  license: GPL-3.0-only WITH GCC-exception-3.1
  license_family: GPL
  purls: []
  size: 460992
  timestamp: 1729027639220
- conda: https://conda.anaconda.org/conda-forge/linux-64/liblapack-3.9.0-26_linux64_openblas.conda
  build_number: 26
  sha256: b76458c36331376911e0f98fa68109e02f4d5e5ebfffa79587ac69cef748bba1
  md5: 3792604c43695d6a273bc5faaac47d48
  depends:
  - libblas 3.9.0 26_linux64_openblas
  constrains:
  - libcblas 3.9.0 26_linux64_openblas
  - liblapacke 3.9.0 26_linux64_openblas
  - blas * openblas
  license: BSD-3-Clause
  license_family: BSD
  purls: []
  size: 16338
  timestamp: 1734432576650
- conda: https://conda.anaconda.org/conda-forge/linux-64/liblzma-5.6.3-hb9d3cd8_1.conda
  sha256: e6e425252f3839e2756e4af1ea2074dffd3396c161bf460629f9dfd6a65f15c6
  md5: 2ecf2f1c7e4e21fcfe6423a51a992d84
  depends:
  - __glibc >=2.17,<3.0.a0
  - libgcc >=13
  license: 0BSD
  purls: []
  size: 111132
  timestamp: 1733407410083
- conda: https://conda.anaconda.org/conda-forge/linux-64/liblzma-devel-5.6.3-hb9d3cd8_1.conda
  sha256: ca17f037a0a7137874597866a171166677e4812a9a8a853007f0f582e3ff6d1d
  md5: cc4687e1814ed459f3bd6d8e05251ab2
  depends:
  - __glibc >=2.17,<3.0.a0
  - libgcc >=13
  - liblzma 5.6.3 hb9d3cd8_1
  license: 0BSD
  purls: []
  size: 376794
  timestamp: 1733407421190
- conda: https://conda.anaconda.org/conda-forge/linux-64/libnsl-2.0.1-hd590300_0.conda
  sha256: 26d77a3bb4dceeedc2a41bd688564fe71bf2d149fdcf117049970bc02ff1add6
  md5: 30fd6e37fe21f86f4bd26d6ee73eeec7
  depends:
  - libgcc-ng >=12
  license: LGPL-2.1-only
  license_family: GPL
  purls: []
  size: 33408
  timestamp: 1697359010159
- conda: https://conda.anaconda.org/conda-forge/linux-64/libopenblas-0.3.28-pthreads_h94d23a6_1.conda
  sha256: 99ba271d8a80a1af2723f2e124ffd91d850074c0389c067e6d96d72a2dbfeabe
  md5: 62857b389e42b36b686331bec0922050
  depends:
  - __glibc >=2.17,<3.0.a0
  - libgcc >=14
  - libgfortran
  - libgfortran5 >=14.2.0
  constrains:
  - openblas >=0.3.28,<0.3.29.0a0
  license: BSD-3-Clause
  license_family: BSD
  purls: []
  size: 5578513
  timestamp: 1730772671118
- conda: https://conda.anaconda.org/conda-forge/linux-64/libsodium-1.0.20-h4ab18f5_0.conda
  sha256: 0105bd108f19ea8e6a78d2d994a6d4a8db16d19a41212070d2d1d48a63c34161
  md5: a587892d3c13b6621a6091be690dbca2
  depends:
  - libgcc-ng >=12
  license: ISC
  purls: []
  size: 205978
  timestamp: 1716828628198
- conda: https://conda.anaconda.org/conda-forge/linux-64/libsqlite-3.47.2-hee588c1_0.conda
  sha256: 48af21ebc2cbf358976f1e0f4a0ab9e91dfc83d0ef337cf3837c6f5bc22fb352
  md5: b58da17db24b6e08bcbf8fed2fb8c915
  depends:
  - __glibc >=2.17,<3.0.a0
  - libgcc >=13
  - libzlib >=1.3.1,<2.0a0
  license: Unlicense
  purls: []
  size: 873551
  timestamp: 1733761824646
- conda: https://conda.anaconda.org/conda-forge/linux-64/libstdcxx-14.2.0-hc0a3c3a_1.conda
  sha256: 4661af0eb9bdcbb5fb33e5d0023b001ad4be828fccdcc56500059d56f9869462
  md5: 234a5554c53625688d51062645337328
  depends:
  - libgcc 14.2.0 h77fa898_1
  license: GPL-3.0-only WITH GCC-exception-3.1
  license_family: GPL
  purls: []
  size: 3893695
  timestamp: 1729027746910
- conda: https://conda.anaconda.org/conda-forge/linux-64/libstdcxx-ng-14.2.0-h4852527_1.conda
  sha256: 25bb30b827d4f6d6f0522cc0579e431695503822f144043b93c50237017fffd8
  md5: 8371ac6457591af2cf6159439c1fd051
  depends:
  - libstdcxx 14.2.0 hc0a3c3a_1
  license: GPL-3.0-only WITH GCC-exception-3.1
  license_family: GPL
  purls: []
  size: 54105
  timestamp: 1729027780628
- conda: https://conda.anaconda.org/conda-forge/linux-64/libuuid-2.38.1-h0b41bf4_0.conda
  sha256: 787eb542f055a2b3de553614b25f09eefb0a0931b0c87dbcce6efdfd92f04f18
  md5: 40b61aab5c7ba9ff276c41cfffe6b80b
  depends:
  - libgcc-ng >=12
  license: BSD-3-Clause
  license_family: BSD
  purls: []
  size: 33601
  timestamp: 1680112270483
- conda: https://conda.anaconda.org/conda-forge/linux-64/libzlib-1.3.1-hb9d3cd8_2.conda
  sha256: d4bfe88d7cb447768e31650f06257995601f89076080e76df55e3112d4e47dc4
  md5: edb0dca6bc32e4f4789199455a1dbeb8
  depends:
  - __glibc >=2.17,<3.0.a0
  - libgcc >=13
  constrains:
  - zlib 1.3.1 *_2
  license: Zlib
  license_family: Other
  purls: []
  size: 60963
  timestamp: 1727963148474
- conda: https://conda.anaconda.org/conda-forge/noarch/markdown-it-py-3.0.0-pyhd8ed1ab_1.conda
  sha256: 0fbacdfb31e55964152b24d5567e9a9996e1e7902fb08eb7d91b5fd6ce60803a
  md5: fee3164ac23dfca50cfcc8b85ddefb81
  depends:
  - mdurl >=0.1,<1
  - python >=3.9
  license: MIT
  license_family: MIT
  purls:
  - pkg:pypi/markdown-it-py?source=hash-mapping
  size: 64430
  timestamp: 1733250550053
- conda: https://conda.anaconda.org/conda-forge/noarch/mdurl-0.1.2-pyhd8ed1ab_1.conda
  sha256: 78c1bbe1723449c52b7a9df1af2ee5f005209f67e40b6e1d3c7619127c43b1c7
  md5: 592132998493b3ff25fd7479396e8351
  depends:
  - python >=3.9
  license: MIT
  license_family: MIT
  purls:
  - pkg:pypi/mdurl?source=hash-mapping
  size: 14465
  timestamp: 1733255681319
- conda: https://conda.anaconda.org/conda-forge/linux-64/ncurses-6.5-he02047a_1.conda
  sha256: 6a1d5d8634c1a07913f1c525db6455918cbc589d745fac46d9d6e30340c8731a
  md5: 70caf8bb6cf39a0b6b7efc885f51c0fe
  depends:
  - __glibc >=2.17,<3.0.a0
  - libgcc-ng >=12
  license: X11 AND BSD-3-Clause
  purls: []
  size: 889086
  timestamp: 1724658547447
- pypi: https://files.pythonhosted.org/packages/6b/35/a8e38d54768e67324e365e2a41162be298f51ec93e6bd4b18d237d7250d8/ninja-1.11.1.3-py3-none-manylinux_2_12_x86_64.manylinux2010_x86_64.whl
  name: ninja
  version: 1.11.1.3
  sha256: a27e78ca71316c8654965ee94b286a98c83877bfebe2607db96897bbfe458af0
  requires_dist:
  - coverage>=4.2 ; extra == 'test'
  - importlib-metadata>=2.0 ; extra == 'test'
  - pytest-cov>=3 ; extra == 'test'
  - pytest>=6.0 ; extra == 'test'
  requires_python: '>=3.7'
- conda: https://conda.anaconda.org/conda-forge/linux-64/numpy-2.2.1-py311hf916aec_0.conda
  sha256: effedc59ede8fa025df3a1e14d876e03e6686d808d8b5da1e9a34e780d8f1a65
  md5: 54a2d01ec2cfc01644f17d25978b0ecf
  depends:
  - __glibc >=2.17,<3.0.a0
  - libblas >=3.9.0,<4.0a0
  - libcblas >=3.9.0,<4.0a0
  - libgcc >=13
  - liblapack >=3.9.0,<4.0a0
  - libstdcxx >=13
  - python >=3.11,<3.12.0a0
  - python_abi 3.11.* *_cp311
  constrains:
  - numpy-base <0a0
  license: BSD-3-Clause
  license_family: BSD
  purls:
  - pkg:pypi/numpy?source=hash-mapping
  size: 9014710
  timestamp: 1734904686061
- conda: https://conda.anaconda.org/conda-forge/linux-64/openssl-3.4.0-hb9d3cd8_0.conda
  sha256: 814b9dff1847b132c676ee6cc1a8cb2d427320779b93e1b6d76552275c128705
  md5: 23cc74f77eb99315c0360ec3533147a9
  depends:
  - __glibc >=2.17,<3.0.a0
  - ca-certificates
  - libgcc >=13
  license: Apache-2.0
  license_family: Apache
  purls: []
  size: 2947466
  timestamp: 1731377666602
- conda: https://conda.anaconda.org/conda-forge/noarch/packaging-24.2-pyhd8ed1ab_2.conda
  sha256: da157b19bcd398b9804c5c52fc000fcb8ab0525bdb9c70f95beaa0bb42f85af1
  md5: 3bfed7e6228ebf2f7b9eaa47f1b4e2aa
  depends:
  - python >=3.8
  license: Apache-2.0
  license_family: APACHE
  purls:
  - pkg:pypi/packaging?source=hash-mapping
  size: 60164
  timestamp: 1733203368787
- conda: https://conda.anaconda.org/conda-forge/noarch/platformdirs-4.3.6-pyhd8ed1ab_1.conda
  sha256: bb50f6499e8bc1d1a26f17716c97984671121608dc0c3ecd34858112bce59a27
  md5: 577852c7e53901ddccc7e6a9959ddebe
  depends:
  - python >=3.9
  license: MIT
  license_family: MIT
  purls:
  - pkg:pypi/platformdirs?source=hash-mapping
  size: 20448
  timestamp: 1733232756001
- conda: https://conda.anaconda.org/conda-forge/noarch/pycparser-2.22-pyh29332c3_1.conda
  sha256: 79db7928d13fab2d892592223d7570f5061c192f27b9febd1a418427b719acc6
  md5: 12c566707c80111f9799308d9e265aef
  depends:
  - python >=3.9
  - python
  license: BSD-3-Clause
  license_family: BSD
  purls: []
  size: 110100
  timestamp: 1733195786147
- pypi: https://files.pythonhosted.org/packages/99/cd/8ca681a8a044430b5ad3bc559704bea8d88efa706791c8de6fa3ae9be6af/pygccxml-2.6.1-py3-none-any.whl
  name: pygccxml
  version: 2.6.1
  sha256: b42cfbbc03d67cfa102107449227e0094979463293881481bdc8f2de4f6fdb15
  requires_dist:
  - importlib-metadata>=4.6 ; python_full_version < '3.10'
  - coverage ; extra == 'test'
  - coveralls ; extra == 'test'
  - pycodestyle ; extra == 'test'
  - pytest ; extra == 'test'
  - sphinx ; extra == 'docs'
  - sphinx-rtd-theme ; extra == 'docs'
  - notebook ; extra == 'examples'
- conda: https://conda.anaconda.org/conda-forge/noarch/pygithub-2.5.0-pyhd8ed1ab_0.conda
  sha256: 50a0239c584ba3beedbbf7498bc8f9368076dbb3b35c23ffbff1ade64e1b8ee4
  md5: e1017f2fc08b01b036153feb5d77b8cb
  depends:
  - cryptography >=3.4.0
  - deprecated
  - pyjwt >=2.4.0
  - pynacl >=1.4.0
  - python >=3.7
  - python-dateutil
  - requests >=2.14.0
  - typing-extensions >=4.0.0
  - urllib3 >=1.26.0
  license: LGPL-3.0-only
  license_family: LGPL
  purls:
  - pkg:pypi/pygithub?source=hash-mapping
  size: 154118
  timestamp: 1730939163197
- conda: https://conda.anaconda.org/conda-forge/noarch/pygments-2.18.0-pyhd8ed1ab_1.conda
  sha256: 0d6133545f268b2b89c2617c196fc791f365b538d4057ecd636d658c3b1e885d
  md5: b38dc0206e2a530e5c2cf11dc086b31a
  depends:
  - python >=3.9
  license: BSD-2-Clause
  license_family: BSD
  purls:
  - pkg:pypi/pygments?source=hash-mapping
  size: 876700
  timestamp: 1733221731178
- conda: https://conda.anaconda.org/conda-forge/noarch/pyjwt-2.10.1-pyhd8ed1ab_0.conda
  sha256: 158d8911e873e2a339c27768933747bf9c2aec1caa038f1b7b38a011734a956f
  md5: 84c5c40ea7c5bbc6243556e5daed20e7
  depends:
  - python >=3.9
  constrains:
  - cryptography >=3.4.0
  license: MIT
  license_family: MIT
  purls:
  - pkg:pypi/pyjwt?source=hash-mapping
  size: 25093
  timestamp: 1732782523102
- conda: https://conda.anaconda.org/conda-forge/linux-64/pynacl-1.5.0-py311h9ecbd09_4.conda
  sha256: ce8ba3a3448b6d55a4740b5e826839752976435f0121739565aae5796bcf6dc1
  md5: 522059f3c55e201aa5f189fe5276f83f
  depends:
  - __glibc >=2.17,<3.0.a0
  - cffi >=1.4.1
  - libgcc >=13
  - libsodium >=1.0.20,<1.0.21.0a0
  - python >=3.11,<3.12.0a0
  - python_abi 3.11.* *_cp311
  - six
  license: Apache-2.0
  license_family: Apache
  purls:
  - pkg:pypi/pynacl?source=hash-mapping
  size: 1146219
  timestamp: 1725739406065
- pypi: https://files.pythonhosted.org/packages/b2/4f/6620d7a604c24ba6427e8871e641679f752e67e09781ca9e971f5f0349da/pyplusplus-1.8.5.tar.gz
  name: pyplusplus
  version: 1.8.5
  sha256: 06b5d3c80d0384f736e36df6968336ee3b8adaae5bf76d353fa35253e39e4b76
  requires_dist:
  - pygccxml
- pypi: https://files.pythonhosted.org/packages/bd/24/12818598c362d7f300f18e74db45963dbcb85150324092410c8b49405e42/pyproject_hooks-1.2.0-py3-none-any.whl
  name: pyproject-hooks
  version: 1.2.0
  sha256: 9e5c6bfa8dcc30091c74b0cf803c81fdd29d94f01992a7707bc97babb1141913
  requires_python: '>=3.7'
- conda: https://conda.anaconda.org/conda-forge/noarch/pysocks-1.7.1-pyha55dd90_7.conda
  sha256: ba3b032fa52709ce0d9fd388f63d330a026754587a2f461117cac9ab73d8d0d8
  md5: 461219d1a5bd61342293efa2c0c90eac
  depends:
  - __unix
  - python >=3.9
  license: BSD-3-Clause
  license_family: BSD
  purls:
  - pkg:pypi/pysocks?source=hash-mapping
  size: 21085
  timestamp: 1733217331982
- conda: https://conda.anaconda.org/conda-forge/linux-64/python-3.11.0-he550d4f_1_cpython.conda
  build_number: 1
  sha256: 464f998e406b645ba34771bb53a0a7c2734e855ee78dd021aa4dedfdb65659b7
  md5: 8d14fc2aa12db370a443753c8230be1e
  depends:
  - bzip2 >=1.0.8,<2.0a0
  - ld_impl_linux-64 >=2.36.1
  - libffi >=3.4,<4.0a0
  - libgcc-ng >=12
  - libnsl >=2.0.0,<2.1.0a0
  - libsqlite >=3.40.0,<4.0a0
  - libuuid >=2.32.1,<3.0a0
  - libzlib >=1.2.13,<2.0.0a0
  - ncurses >=6.3,<7.0a0
  - openssl >=3.0.7,<4.0a0
  - readline >=8.1.2,<9.0a0
  - tk >=8.6.12,<8.7.0a0
  - tzdata
  - xz >=5.2.6,<6.0a0
  constrains:
  - python_abi 3.11.* *_cp311
  license: Python-2.0
  purls: []
  size: 31476523
  timestamp: 1673700777998
- conda: https://conda.anaconda.org/conda-forge/noarch/python-dateutil-2.9.0.post0-pyhff2d567_1.conda
  sha256: a50052536f1ef8516ed11a844f9413661829aa083304dc624c5925298d078d79
  md5: 5ba79d7c71f03c678c8ead841f347d6e
  depends:
  - python >=3.9
  - six >=1.5
  license: Apache-2.0
  license_family: APACHE
  purls:
  - pkg:pypi/python-dateutil?source=hash-mapping
  size: 222505
  timestamp: 1733215763718
- conda: https://conda.anaconda.org/conda-forge/linux-64/python_abi-3.11-5_cp311.conda
  build_number: 5
  sha256: 2660b8059b3ee854bc5d3c6b1fce946e5bd2fe8fbca7827de2c5885ead6209de
  md5: 139a8d40c8a2f430df31048949e450de
  constrains:
  - python 3.11.* *_cpython
  license: BSD-3-Clause
  license_family: BSD
  purls: []
  size: 6211
  timestamp: 1723823324668
- conda: https://conda.anaconda.org/conda-forge/linux-64/pyyaml-6.0.2-py311h9ecbd09_1.conda
  sha256: e721e5ff389a7b2135917c04b27391be3d3382e261bb60a369b1620655365c3d
  md5: abeb54d40f439b86f75ea57045ab8496
  depends:
  - __glibc >=2.17,<3.0.a0
  - libgcc >=13
  - python >=3.11,<3.12.0a0
  - python_abi 3.11.* *_cp311
  - yaml >=0.2.5,<0.3.0a0
  license: MIT
  license_family: MIT
  purls:
  - pkg:pypi/pyyaml?source=hash-mapping
  size: 212644
  timestamp: 1725456264282
- conda: https://conda.anaconda.org/conda-forge/linux-64/readline-8.2-h8228510_1.conda
  sha256: 5435cf39d039387fbdc977b0a762357ea909a7694d9528ab40f005e9208744d7
  md5: 47d31b792659ce70f470b5c82fdfb7a4
  depends:
  - libgcc-ng >=12
  - ncurses >=6.3,<7.0a0
  license: GPL-3.0-only
  license_family: GPL
  purls: []
  size: 281456
  timestamp: 1679532220005
- conda: https://conda.anaconda.org/conda-forge/noarch/requests-2.32.3-pyhd8ed1ab_1.conda
  sha256: d701ca1136197aa121bbbe0e8c18db6b5c94acbd041c2b43c70e5ae104e1d8ad
  md5: a9b9368f3701a417eac9edbcae7cb737
  depends:
  - certifi >=2017.4.17
  - charset-normalizer >=2,<4
  - idna >=2.5,<4
  - python >=3.9
  - urllib3 >=1.21.1,<3
  constrains:
  - chardet >=3.0.2,<6
  license: Apache-2.0
  license_family: APACHE
  purls:
  - pkg:pypi/requests?source=hash-mapping
  size: 58723
  timestamp: 1733217126197
- conda: https://conda.anaconda.org/conda-forge/noarch/rich-13.9.4-pyhd8ed1ab_1.conda
  sha256: 06a760c5ae572e72e865d5a87e9fe3cc171e1a9c996e63daf3db52ff1a0b4457
  md5: 7aed65d4ff222bfb7335997aa40b7da5
  depends:
  - markdown-it-py >=2.2.0
  - pygments >=2.13.0,<3.0.0
  - python >=3.9
  - typing_extensions >=4.0.0,<5.0.0
  license: MIT
  license_family: MIT
  purls:
  - pkg:pypi/rich?source=hash-mapping
  size: 185646
  timestamp: 1733342347277
- conda: https://conda.anaconda.org/conda-forge/noarch/six-1.17.0-pyhd8ed1ab_0.conda
  sha256: 41db0180680cc67c3fa76544ffd48d6a5679d96f4b71d7498a759e94edc9a2db
  md5: a451d576819089b0d672f18768be0f65
  depends:
  - python >=3.9
  license: MIT
  license_family: MIT
  purls:
  - pkg:pypi/six?source=hash-mapping
  size: 16385
  timestamp: 1733381032766
- conda: https://conda.anaconda.org/conda-forge/linux-64/tk-8.6.13-noxft_h4845f30_101.conda
  sha256: e0569c9caa68bf476bead1bed3d79650bb080b532c64a4af7d8ca286c08dea4e
  md5: d453b98d9c83e71da0741bb0ff4d76bc
  depends:
  - libgcc-ng >=12
  - libzlib >=1.2.13,<2.0.0a0
  license: TCL
  license_family: BSD
  purls: []
  size: 3318875
  timestamp: 1699202167581
- conda: https://conda.anaconda.org/conda-forge/noarch/typing-extensions-4.12.2-hd8ed1ab_1.conda
  noarch: python
  sha256: c8e9c1c467b5f960b627d7adc1c65fece8e929a3de89967e91ef0f726422fd32
  md5: b6a408c64b78ec7b779a3e5c7a902433
  depends:
  - typing_extensions 4.12.2 pyha770c72_1
  license: PSF-2.0
  license_family: PSF
  purls: []
  size: 10075
  timestamp: 1733188758872
- conda: https://conda.anaconda.org/conda-forge/noarch/typing_extensions-4.12.2-pyha770c72_1.conda
  sha256: 337be7af5af8b2817f115b3b68870208b30c31d3439bec07bfb2d8f4823e3568
  md5: d17f13df8b65464ca316cbc000a3cb64
  depends:
  - python >=3.9
  license: PSF-2.0
  license_family: PSF
  purls:
  - pkg:pypi/typing-extensions?source=hash-mapping
  size: 39637
  timestamp: 1733188758212
- conda: https://conda.anaconda.org/conda-forge/noarch/tzdata-2024b-hc8b5060_0.conda
  sha256: 4fde5c3008bf5d2db82f2b50204464314cc3c91c1d953652f7bd01d9e52aefdf
  md5: 8ac3367aafb1cc0a068483c580af8015
  license: LicenseRef-Public-Domain
  purls: []
  size: 122354
  timestamp: 1728047496079
- conda: https://conda.anaconda.org/conda-forge/noarch/urllib3-2.3.0-pyhd8ed1ab_0.conda
  sha256: 114919ffa80c328127dab9c8e7a38f9d563c617691fb81fccb11c1e86763727e
  md5: 32674f8dbfb7b26410ed580dd3c10a29
  depends:
  - brotli-python >=1.0.9
  - h2 >=4,<5
  - pysocks >=1.5.6,<2.0,!=1.5.7
  - python >=3.9
  - zstandard >=0.18.0
  license: MIT
  license_family: MIT
  purls:
  - pkg:pypi/urllib3?source=hash-mapping
  size: 100102
  timestamp: 1734859520452
- conda: https://conda.anaconda.org/conda-forge/linux-64/wrapt-1.17.0-py311h9ecbd09_0.conda
  sha256: 8e9a7a1a69d0d59b3cb0066fbdbf16dc7a0d9554ffc2a365e67eca72230ca3e8
  md5: 452e39fb544b1ec9cc6c5b2ac9c47efa
  depends:
  - __glibc >=2.17,<3.0.a0
  - libgcc >=13
  - python >=3.11,<3.12.0a0
  - python_abi 3.11.* *_cp311
  license: BSD-2-Clause
  license_family: BSD
  purls:
  - pkg:pypi/wrapt?source=hash-mapping
  size: 65396
  timestamp: 1732523677157
- conda: https://conda.anaconda.org/conda-forge/linux-64/xz-5.6.3-hbcc6ac9_1.conda
  sha256: 9cef529dcff25222427c9d90b9fc376888a59e138794b4336bbcd3331a5eea22
  md5: 62aae173382a8aae284726353c6a6a24
  depends:
  - __glibc >=2.17,<3.0.a0
  - libgcc >=13
  - liblzma 5.6.3 hb9d3cd8_1
  - liblzma-devel 5.6.3 hb9d3cd8_1
  - xz-gpl-tools 5.6.3 hbcc6ac9_1
  - xz-tools 5.6.3 hb9d3cd8_1
  license: 0BSD AND LGPL-2.1-or-later AND GPL-2.0-or-later
  purls: []
  size: 23477
  timestamp: 1733407455801
- conda: https://conda.anaconda.org/conda-forge/linux-64/xz-gpl-tools-5.6.3-hbcc6ac9_1.conda
  sha256: 4e104b7c75c2f26a96032a1c6cda51430da1dea318c74f9e3568902b2f5030e1
  md5: f529917bab7862aaad6867bf2ea47a99
  depends:
  - __glibc >=2.17,<3.0.a0
  - libgcc >=13
  - liblzma 5.6.3 hb9d3cd8_1
  license: 0BSD AND LGPL-2.1-or-later AND GPL-2.0-or-later
  purls: []
  size: 33354
  timestamp: 1733407444641
- conda: https://conda.anaconda.org/conda-forge/linux-64/xz-tools-5.6.3-hb9d3cd8_1.conda
  sha256: 6e80f838096345c35e8755b827814c083dd0274594006d6f76bff71bc969c3b8
  md5: de3f31a6eed01bc2b8c7dcad07ad9034
  depends:
  - __glibc >=2.17,<3.0.a0
  - libgcc >=13
  - liblzma 5.6.3 hb9d3cd8_1
  license: 0BSD AND LGPL-2.1-or-later
  purls: []
  size: 90354
  timestamp: 1733407433418
- conda: https://conda.anaconda.org/conda-forge/linux-64/yaml-0.2.5-h7f98852_2.tar.bz2
  sha256: a4e34c710eeb26945bdbdaba82d3d74f60a78f54a874ec10d373811a5d217535
  md5: 4cb3ad778ec2d5a7acbdf254eb1c42ae
  depends:
  - libgcc-ng >=9.4.0
  license: MIT
  license_family: MIT
  purls: []
  size: 89141
  timestamp: 1641346969816
- conda: https://conda.anaconda.org/conda-forge/linux-64/zstandard-0.23.0-py311hbc35293_1.conda
  sha256: a5cf0eef1ffce0d710eb3dffcb07d9d5922d4f7a141abc96f6476b98600f718f
  md5: aec590674ba365e50ae83aa2d6e1efae
  depends:
  - __glibc >=2.17,<3.0.a0
  - cffi >=1.11
  - libgcc >=13
  - python >=3.11,<3.12.0a0
  - python_abi 3.11.* *_cp311
  - zstd >=1.5.6,<1.5.7.0a0
  - zstd >=1.5.6,<1.6.0a0
  license: BSD-3-Clause
  license_family: BSD
  purls:
  - pkg:pypi/zstandard?source=hash-mapping
  size: 417923
  timestamp: 1725305669690
- conda: https://conda.anaconda.org/conda-forge/linux-64/zstd-1.5.6-ha6fb4c9_0.conda
  sha256: c558b9cc01d9c1444031bd1ce4b9cff86f9085765f17627a6cd85fc623c8a02b
  md5: 4d056880988120e29d75bfff282e0f45
  depends:
  - libgcc-ng >=12
  - libstdcxx-ng >=12
  - libzlib >=1.2.13,<2.0.0a0
  license: BSD-3-Clause
  license_family: BSD
  purls: []
  size: 554846
  timestamp: 1714722996770
